<?xml version="1.0" encoding="utf-8"?>
<Project ToolsVersion="4.0" xmlns="http://schemas.microsoft.com/developer/msbuild/2003">
  <ItemGroup>
    <Filter Include="Source Files">
      <UniqueIdentifier>{4FC737F1-C7A5-4376-A066-2A32D752A2FF}</UniqueIdentifier>
      <Extensions>cpp;c;cc;cxx;def;odl;idl;hpj;bat;asm;asmx</Extensions>
    </Filter>
    <Filter Include="Header Files">
      <UniqueIdentifier>{93995380-89BD-4b04-88EB-625FBE52EBFB}</UniqueIdentifier>
      <Extensions>h;hh;hpp;hxx;hm;inl;inc;ipp;xsd</Extensions>
    </Filter>
    <Filter Include="Resource Files">
      <UniqueIdentifier>{67DA6AB6-F800-4c08-8B7A-83BB121AAD01}</UniqueIdentifier>
      <Extensions>rc;ico;cur;bmp;dlg;rc2;rct;bin;rgs;gif;jpg;jpeg;jpe;resx;tiff;tif;png;wav;mfcribbon-ms</Extensions>
    </Filter>
    <Filter Include="Shaders">
      <UniqueIdentifier>{1a6b9166-0a1c-4bf2-a718-12f02a0f5e22}</UniqueIdentifier>
    </Filter>
  </ItemGroup>
  <ItemGroup>
    <ClCompile Include="main.cpp">
      <Filter>Source Files</Filter>
    </ClCompile>
    <ClCompile Include="TowerGameApp.cpp">
      <Filter>Source Files</Filter>
    </ClCompile>
    <ClCompile Include="UnlitMaterial.cpp">
      <Filter>Source Files</Filter>
    </ClCompile>
    <ClCompile Include="CSVReader.cpp">
      <Filter>Source Files</Filter>
    </ClCompile>
    <ClCompile Include="MoveObject.cpp">
      <Filter>Source Files</Filter>
    </ClCompile>
    <ClCompile Include="TaskDeck.cpp">
      <Filter>Source Files</Filter>
    </ClCompile>
    <ClCompile Include="TaskCardGenerator.cpp">
      <Filter>Source Files</Filter>
    </ClCompile>
    <ClCompile Include="TaskCard.cpp">
      <Filter>Source Files</Filter>
    </ClCompile>
    <ClCompile Include="BrickDeck.cpp">
      <Filter>Source Files</Filter>
    </ClCompile>
    <ClCompile Include="GameManager.cpp">
      <Filter>Source Files</Filter>
    </ClCompile>
    <ClCompile Include="Brick.cpp">
      <Filter>Source Files</Filter>
    </ClCompile>
    <ClCompile Include="PlayerManager.cpp">
      <Filter>Source Files</Filter>
    </ClCompile>
    <ClCompile Include="BoardColum.cpp">
      <Filter>Source Files</Filter>
    </ClCompile>
    <ClCompile Include="BoardManager.cpp">
      <Filter>Source Files</Filter>
    </ClCompile>
    <ClCompile Include="FreeCam.cpp">
      <Filter>Source Files</Filter>
    </ClCompile>
  </ItemGroup>
  <ItemGroup>
    <ClInclude Include="TowerGameApp.h">
      <Filter>Header Files</Filter>
    </ClInclude>
    <ClInclude Include="UnlitMaterial.h">
      <Filter>Header Files</Filter>
    </ClInclude>
    <ClInclude Include="CSVReader.h">
      <Filter>Header Files</Filter>
    </ClInclude>
    <ClInclude Include="MoveObject.h">
      <Filter>Header Files</Filter>
    </ClInclude>
    <ClInclude Include="TaskDeck.h">
      <Filter>Header Files</Filter>
    </ClInclude>
    <ClInclude Include="TaskCardGenerator.h">
      <Filter>Header Files</Filter>
    </ClInclude>
    <ClInclude Include="TaskCard.h">
      <Filter>Header Files</Filter>
    </ClInclude>
    <ClInclude Include="BrickDeck.h">
      <Filter>Header Files</Filter>
    </ClInclude>
    <ClInclude Include="PlayerManager.h">
      <Filter>Header Files</Filter>
    </ClInclude>
    <ClInclude Include="Brick.h">
      <Filter>Header Files</Filter>
    </ClInclude>
    <ClInclude Include="GameManager.h">
      <Filter>Header Files</Filter>
    </ClInclude>
    <ClInclude Include="BoardColum.h">
      <Filter>Header Files</Filter>
    </ClInclude>
    <ClInclude Include="BoardManager.h">
      <Filter>Header Files</Filter>
    </ClInclude>
    <ClInclude Include="FreeCam.h">
      <Filter>Header Files</Filter>
    </ClInclude>
  </ItemGroup>
  <ItemGroup>
    <FxCompile Include="UnlitMaterial.hlsl">
      <Filter>Shaders</Filter>
    </FxCompile>
  </ItemGroup>
</Project>