<?xml version="1.0" encoding="utf-8"?>
<Project ToolsVersion="4.0" xmlns="http://schemas.microsoft.com/developer/msbuild/2003">
  <ItemGroup>
    <ClInclude Include="AudioListener.hpp" />
    <ClInclude Include="AudioSource.hpp" />
    <ClInclude Include="Camera.hpp" />
    <ClInclude Include="SphereCollider.hpp" />
    <ClInclude Include="Component.hpp" />
    <ClInclude Include="Light.hpp" />
    <ClInclude Include="Material.hpp" />
    <ClInclude Include="Mesh.hpp" />
    <ClInclude Include="MeshRenderer.hpp" />
    <ClInclude Include="Object.hpp" />
    <ClInclude Include="PBRMaterial.hpp" />
    <ClInclude Include="PostProcessingMaterial.hpp" />
    <ClInclude Include="Scene.hpp" />
    <ClInclude Include="SimpleShader.hpp" />
    <ClInclude Include="Skybox.hpp" />
    <ClInclude Include="Transform.hpp" />
    <ClInclude Include="WheelCollider.hpp" />
    <ClInclude Include="Ray.hpp" />
  </ItemGroup>
</Project>