
Microsoft Visual Studio Solution File, Format Version 12.00
# Visual Studio Version 16
VisualStudioVersion = 16.0.28531.58
MinimumVisualStudioVersion = 10.0.40219.1
Project("{8BC9CEB8-8B4A-11D0-8D11-00A0C91BC942}") = "DSEngineTestProject", "DSEngineTestProject\DSEngineTestProject.vcxproj", "{17B7482E-5435-492D-9EAC-4F354F169AD3}"
	ProjectSection(ProjectDependencies) = postProject
		{EA8CB74C-ECE0-4EA2-B46D-E74A4BCC386C} = {EA8CB74C-ECE0-4EA2-B46D-E74A4BCC386C}
	EndProjectSection
EndProject
Project("{8BC9CEB8-8B4A-11D0-8D11-00A0C91BC942}") = "DSEngineFramework", "DSEngineFramework\DSEngineFramework.vcxproj", "{F134BD24-1283-46B3-8A3F-8CE3075DACB8}"
EndProject
Project("{8BC9CEB8-8B4A-11D0-8D11-00A0C91BC942}") = "DSEngineSystem", "DSEngineSystem\DSEngineSystem.vcxproj", "{EA8CB74C-ECE0-4EA2-B46D-E74A4BCC386C}"
	ProjectSection(ProjectDependencies) = postProject
		{F134BD24-1283-46B3-8A3F-8CE3075DACB8} = {F134BD24-1283-46B3-8A3F-8CE3075DACB8}
	EndProjectSection
EndProject
Global
	GlobalSection(SolutionConfigurationPlatforms) = preSolution
		Debug|x64 = Debug|x64
		Debug|x86 = Debug|x86
		Release|x64 = Release|x64
		Release|x86 = Release|x86
	EndGlobalSection
	GlobalSection(ProjectConfigurationPlatforms) = postSolution
		{17B7482E-5435-492D-9EAC-4F354F169AD3}.Debug|x64.ActiveCfg = Debug|x64
		{17B7482E-5435-492D-9EAC-4F354F169AD3}.Debug|x64.Build.0 = Debug|x64
		{17B7482E-5435-492D-9EAC-4F354F169AD3}.Debug|x86.ActiveCfg = Debug|Win32
		{17B7482E-5435-492D-9EAC-4F354F169AD3}.Debug|x86.Build.0 = Debug|Win32
		{17B7482E-5435-492D-9EAC-4F354F169AD3}.Release|x64.ActiveCfg = Release|x64
		{17B7482E-5435-492D-9EAC-4F354F169AD3}.Release|x64.Build.0 = Release|x64
		{17B7482E-5435-492D-9EAC-4F354F169AD3}.Release|x86.ActiveCfg = Release|Win32
		{17B7482E-5435-492D-9EAC-4F354F169AD3}.Release|x86.Build.0 = Release|Win32
		{F134BD24-1283-46B3-8A3F-8CE3075DACB8}.Debug|x64.ActiveCfg = Debug|x64
		{F134BD24-1283-46B3-8A3F-8CE3075DACB8}.Debug|x64.Build.0 = Debug|x64
		{F134BD24-1283-46B3-8A3F-8CE3075DACB8}.Debug|x86.ActiveCfg = Debug|Win32
		{F134BD24-1283-46B3-8A3F-8CE3075DACB8}.Debug|x86.Build.0 = Debug|Win32
		{F134BD24-1283-46B3-8A3F-8CE3075DACB8}.Release|x64.ActiveCfg = Release|x64
		{F134BD24-1283-46B3-8A3F-8CE3075DACB8}.Release|x64.Build.0 = Release|x64
		{F134BD24-1283-46B3-8A3F-8CE3075DACB8}.Release|x86.ActiveCfg = Release|Win32
		{F134BD24-1283-46B3-8A3F-8CE3075DACB8}.Release|x86.Build.0 = Release|Win32
		{EA8CB74C-ECE0-4EA2-B46D-E74A4BCC386C}.Debug|x64.ActiveCfg = Debug|x64
		{EA8CB74C-ECE0-4EA2-B46D-E74A4BCC386C}.Debug|x64.Build.0 = Debug|x64
		{EA8CB74C-ECE0-4EA2-B46D-E74A4BCC386C}.Debug|x86.ActiveCfg = Debug|Win32
		{EA8CB74C-ECE0-4EA2-B46D-E74A4BCC386C}.Debug|x86.Build.0 = Debug|Win32
		{EA8CB74C-ECE0-4EA2-B46D-E74A4BCC386C}.Release|x64.ActiveCfg = Release|x64
		{EA8CB74C-ECE0-4EA2-B46D-E74A4BCC386C}.Release|x64.Build.0 = Release|x64
		{EA8CB74C-ECE0-4EA2-B46D-E74A4BCC386C}.Release|x86.ActiveCfg = Release|Win32
		{EA8CB74C-ECE0-4EA2-B46D-E74A4BCC386C}.Release|x86.Build.0 = Release|Win32
	EndGlobalSection
	GlobalSection(SolutionProperties) = preSolution
		HideSolutionNode = FALSE
	EndGlobalSection
	GlobalSection(ExtensibilityGlobals) = postSolution
		SolutionGuid = {7BA5681D-0BD9-47DE-8EEE-4D759CDD1924}
	EndGlobalSection
EndGlobal
