<?xml version="1.0" encoding="utf-8"?>
<Project ToolsVersion="4.0" xmlns="http://schemas.microsoft.com/developer/msbuild/2003">
  <ItemGroup>
    <ClCompile Include="dllmain.cpp" />
    <ClCompile Include="DSEngine.cpp" />
    <ClCompile Include="DSEngineApp.cpp" />
    <ClCompile Include="DSSAudio.cpp" />
    <ClCompile Include="DSSInput.cpp" />
    <ClCompile Include="DSSRendering.cpp" />
    <ClCompile Include="DSSEventManager.cpp" />
    <ClCompile Include="MemberFunctionHandler.cpp" />
    <ClCompile Include="DSSPhysics.cpp" />
  </ItemGroup>
  <ItemGroup>
    <ClInclude Include="DSEngine.h" />
    <ClInclude Include="DSEngineApp.h" />
    <ClInclude Include="DSSAudio.h" />
    <ClInclude Include="DSSInput.h" />
    <ClInclude Include="DSSRendering.h" />
    <ClInclude Include="Event.h" />
    <ClInclude Include="DSSEventManager.h" />
    <ClInclude Include="HandlerFunctionBase.h" />
    <ClInclude Include="MemberFunctionHandler.h" />
    <ClInclude Include="DSSPhysics.h" />
  </ItemGroup>
  <ItemGroup>
    <None Include="cpp.hint" />
  </ItemGroup>
</Project>